// !$*UTF8*$!
{
	archiveVersion = 1;
	classes = {
	};
	objectVersion = 46;
	objects = {

/* Begin PBXBuildFile section */
		00C302E51ABCBA2D00DB3ED1 /* libRCTActionSheet.a in Frameworks */ = {isa = PBXBuildFile; fileRef = 00C302AC1ABCB8CE00DB3ED1 /* libRCTActionSheet.a */; };
		00C302E71ABCBA2D00DB3ED1 /* libRCTGeolocation.a in Frameworks */ = {isa = PBXBuildFile; fileRef = 00C302BA1ABCB90400DB3ED1 /* libRCTGeolocation.a */; };
		00C302E81ABCBA2D00DB3ED1 /* libRCTImage.a in Frameworks */ = {isa = PBXBuildFile; fileRef = 00C302C01ABCB91800DB3ED1 /* libRCTImage.a */; };
		00C302E91ABCBA2D00DB3ED1 /* libRCTNetwork.a in Frameworks */ = {isa = PBXBuildFile; fileRef = 00C302DC1ABCB9D200DB3ED1 /* libRCTNetwork.a */; };
		00C302EA1ABCBA2D00DB3ED1 /* libRCTVibration.a in Frameworks */ = {isa = PBXBuildFile; fileRef = 00C302E41ABCB9EE00DB3ED1 /* libRCTVibration.a */; };
		133E29F31AD74F7200F7D852 /* libRCTLinking.a in Frameworks */ = {isa = PBXBuildFile; fileRef = 78C398B91ACF4ADC00677621 /* libRCTLinking.a */; };
		139105C61AF99C1200B5F7CC /* libRCTSettings.a in Frameworks */ = {isa = PBXBuildFile; fileRef = 139105C11AF99BAD00B5F7CC /* libRCTSettings.a */; };
		139FDEF61B0652A700C62182 /* libRCTWebSocket.a in Frameworks */ = {isa = PBXBuildFile; fileRef = 139FDEF41B06529B00C62182 /* libRCTWebSocket.a */; };
		13B07FBC1A68108700A75B9A /* AppDelegate.m in Sources */ = {isa = PBXBuildFile; fileRef = 13B07FB01A68108700A75B9A /* AppDelegate.m */; };
		13B07FBD1A68108700A75B9A /* LaunchScreen.xib in Resources */ = {isa = PBXBuildFile; fileRef = 13B07FB11A68108700A75B9A /* LaunchScreen.xib */; };
		13B07FBF1A68108700A75B9A /* Images.xcassets in Resources */ = {isa = PBXBuildFile; fileRef = 13B07FB51A68108700A75B9A /* Images.xcassets */; };
		13B07FC11A68108700A75B9A /* main.m in Sources */ = {isa = PBXBuildFile; fileRef = 13B07FB71A68108700A75B9A /* main.m */; };
		146834051AC3E58100842450 /* libReact.a in Frameworks */ = {isa = PBXBuildFile; fileRef = 146834041AC3E56700842450 /* libReact.a */; };
		3222B3D71C1EBE390003813F /* libRNFS.a in Frameworks */ = {isa = PBXBuildFile; fileRef = 3222B3D61C1EBE2C0003813F /* libRNFS.a */; };
		3222B4261C1EBF390003813F /* libRCTContacts.a in Frameworks */ = {isa = PBXBuildFile; fileRef = 3222B4251C1EBF090003813F /* libRCTContacts.a */; };
		3222B4271C1EBF3B0003813F /* libRCTFileTransfer.a in Frameworks */ = {isa = PBXBuildFile; fileRef = 3222B41F1C1EBF020003813F /* libRCTFileTransfer.a */; };
		3222B4281C1EBF3D0003813F /* libRCTSplashScreen.a in Frameworks */ = {isa = PBXBuildFile; fileRef = 3222B4191C1EBEF90003813F /* libRCTSplashScreen.a */; };
		3222B4291C1EBF3F0003813F /* libRCTDialogs.a in Frameworks */ = {isa = PBXBuildFile; fileRef = 3222B4131C1EBEEB0003813F /* libRCTDialogs.a */; };
		3222B42A1C1EBF420003813F /* libRCTCamera.a in Frameworks */ = {isa = PBXBuildFile; fileRef = 3222B40D1C1EBEE20003813F /* libRCTCamera.a */; };
		3222B42B1C1EBF450003813F /* libRCTFile.a in Frameworks */ = {isa = PBXBuildFile; fileRef = 3222B4071C1EBED30003813F /* libRCTFile.a */; };
		3222B42C1C1EBF480003813F /* libRCTSqlite.a in Frameworks */ = {isa = PBXBuildFile; fileRef = 3222B4011C1EBECA0003813F /* libRCTSqlite.a */; };
		3222B42D1C1EBF4C0003813F /* libRCTImagePicker.a in Frameworks */ = {isa = PBXBuildFile; fileRef = 3222B3FB1C1EBEBF0003813F /* libRCTImagePicker.a */; };
		3222B42E1C1EBF4F0003813F /* libRCTMarqueeLabel.a in Frameworks */ = {isa = PBXBuildFile; fileRef = 3222B3F51C1EBEB60003813F /* libRCTMarqueeLabel.a */; };
		3222B42F1C1EBF570003813F /* libRCTToast.a in Frameworks */ = {isa = PBXBuildFile; fileRef = 3222B3EF1C1EBEAC0003813F /* libRCTToast.a */; };
		3222B4301C1EBF5A0003813F /* libRCTDes.a in Frameworks */ = {isa = PBXBuildFile; fileRef = 3222B3DD1C1EBE780003813F /* libRCTDes.a */; };
		3222B4311C1EBF5E0003813F /* libRCTCordova.a in Frameworks */ = {isa = PBXBuildFile; fileRef = 3222B3E91C1EBE9B0003813F /* libRCTCordova.a */; };
		3222B4331C1EBFFC0003813F /* libsqlite3.0.tbd in Frameworks */ = {isa = PBXBuildFile; fileRef = 3222B4321C1EBFFC0003813F /* libsqlite3.0.tbd */; };
		832341BD1AAA6AB300B99B32 /* libRCTText.a in Frameworks */ = {isa = PBXBuildFile; fileRef = 832341B51AAA6A8300B99B32 /* libRCTText.a */; };
		A9BEE7C53C4AB7DC96D013EE /* libPods.a in Frameworks */ = {isa = PBXBuildFile; fileRef = 55F088CB447FF816111D8554 /* libPods.a */; };
/* End PBXBuildFile section */

/* Begin PBXContainerItemProxy section */
		00C302AB1ABCB8CE00DB3ED1 /* PBXContainerItemProxy */ = {
			isa = PBXContainerItemProxy;
			containerPortal = 00C302A71ABCB8CE00DB3ED1 /* RCTActionSheet.xcodeproj */;
			proxyType = 2;
			remoteGlobalIDString = 134814201AA4EA6300B7C361;
			remoteInfo = RCTActionSheet;
		};
		00C302B91ABCB90400DB3ED1 /* PBXContainerItemProxy */ = {
			isa = PBXContainerItemProxy;
			containerPortal = 00C302B51ABCB90400DB3ED1 /* RCTGeolocation.xcodeproj */;
			proxyType = 2;
			remoteGlobalIDString = 134814201AA4EA6300B7C361;
			remoteInfo = RCTGeolocation;
		};
		00C302BF1ABCB91800DB3ED1 /* PBXContainerItemProxy */ = {
			isa = PBXContainerItemProxy;
			containerPortal = 00C302BB1ABCB91800DB3ED1 /* RCTImage.xcodeproj */;
			proxyType = 2;
			remoteGlobalIDString = 58B5115D1A9E6B3D00147676;
			remoteInfo = RCTImage;
		};
		00C302DB1ABCB9D200DB3ED1 /* PBXContainerItemProxy */ = {
			isa = PBXContainerItemProxy;
			containerPortal = 00C302D31ABCB9D200DB3ED1 /* RCTNetwork.xcodeproj */;
			proxyType = 2;
			remoteGlobalIDString = 58B511DB1A9E6C8500147676;
			remoteInfo = RCTNetwork;
		};
		00C302E31ABCB9EE00DB3ED1 /* PBXContainerItemProxy */ = {
			isa = PBXContainerItemProxy;
			containerPortal = 00C302DF1ABCB9EE00DB3ED1 /* RCTVibration.xcodeproj */;
			proxyType = 2;
			remoteGlobalIDString = 832C81801AAF6DEF007FA2F7;
			remoteInfo = RCTVibration;
		};
		139105C01AF99BAD00B5F7CC /* PBXContainerItemProxy */ = {
			isa = PBXContainerItemProxy;
			containerPortal = 139105B61AF99BAD00B5F7CC /* RCTSettings.xcodeproj */;
			proxyType = 2;
			remoteGlobalIDString = 134814201AA4EA6300B7C361;
			remoteInfo = RCTSettings;
		};
		139FDEF31B06529B00C62182 /* PBXContainerItemProxy */ = {
			isa = PBXContainerItemProxy;
			containerPortal = 139FDEE61B06529A00C62182 /* RCTWebSocket.xcodeproj */;
			proxyType = 2;
			remoteGlobalIDString = 3C86DF461ADF2C930047B81A;
			remoteInfo = RCTWebSocket;
		};
		146834031AC3E56700842450 /* PBXContainerItemProxy */ = {
			isa = PBXContainerItemProxy;
			containerPortal = 146833FF1AC3E56700842450 /* React.xcodeproj */;
			proxyType = 2;
			remoteGlobalIDString = 83CBBA2E1A601D0E00E9B192;
			remoteInfo = React;
		};
		3222B3D51C1EBE2C0003813F /* PBXContainerItemProxy */ = {
			isa = PBXContainerItemProxy;
			containerPortal = 3222B3D11C1EBE2C0003813F /* RNFS.xcodeproj */;
			proxyType = 2;
			remoteGlobalIDString = F12AFB9B1ADAF8F800E0535D;
			remoteInfo = RNFS;
		};
		3222B3DC1C1EBE780003813F /* PBXContainerItemProxy */ = {
			isa = PBXContainerItemProxy;
			containerPortal = 3222B3D81C1EBE770003813F /* RCTDes.xcodeproj */;
			proxyType = 2;
			remoteGlobalIDString = 32D980DD1BE9F11C00FA27E5;
			remoteInfo = RCTDes;
		};
		3222B3E81C1EBE9B0003813F /* PBXContainerItemProxy */ = {
			isa = PBXContainerItemProxy;
			containerPortal = 3222B3E41C1EBE9B0003813F /* RCTCordova.xcodeproj */;
			proxyType = 2;
			remoteGlobalIDString = 32285F831BFC05EC00AD8363;
			remoteInfo = RCTCordova;
		};
		3222B3EE1C1EBEAC0003813F /* PBXContainerItemProxy */ = {
			isa = PBXContainerItemProxy;
			containerPortal = 3222B3EA1C1EBEAC0003813F /* RCTToast.xcodeproj */;
			proxyType = 2;
			remoteGlobalIDString = 327633421BFAAD7E004DA88E;
			remoteInfo = RCTToast;
		};
		3222B3F41C1EBEB60003813F /* PBXContainerItemProxy */ = {
			isa = PBXContainerItemProxy;
			containerPortal = 3222B3F01C1EBEB60003813F /* RCTMarqueeLabel.xcodeproj */;
			proxyType = 2;
			remoteGlobalIDString = 3287E9201BE9CC0E0064C14F;
			remoteInfo = RCTMarqueeLabel;
		};
		3222B3FA1C1EBEBF0003813F /* PBXContainerItemProxy */ = {
			isa = PBXContainerItemProxy;
			containerPortal = 3222B3F61C1EBEBF0003813F /* RCTImagePicker.xcodeproj */;
			proxyType = 2;
			remoteGlobalIDString = 32A87DD71BF427700048D713;
			remoteInfo = RCTImagePicker;
		};
		3222B4001C1EBECA0003813F /* PBXContainerItemProxy */ = {
			isa = PBXContainerItemProxy;
			containerPortal = 3222B3FC1C1EBEC90003813F /* RCTSqlite.xcodeproj */;
			proxyType = 2;
			remoteGlobalIDString = 3271E3661C029FE400A1C2B4;
			remoteInfo = RCTSqlite;
		};
		3222B4061C1EBED30003813F /* PBXContainerItemProxy */ = {
			isa = PBXContainerItemProxy;
			containerPortal = 3222B4021C1EBED30003813F /* RCTFile.xcodeproj */;
			proxyType = 2;
			remoteGlobalIDString = 3271E3B61C030D9B00A1C2B4;
			remoteInfo = RCTFile;
		};
		3222B40C1C1EBEE20003813F /* PBXContainerItemProxy */ = {
			isa = PBXContainerItemProxy;
			containerPortal = 3222B4081C1EBEE20003813F /* RCTCamera.xcodeproj */;
			proxyType = 2;
			remoteGlobalIDString = 32A87E981BF598330048D713;
			remoteInfo = RCTCamera;
		};
		3222B4121C1EBEEB0003813F /* PBXContainerItemProxy */ = {
			isa = PBXContainerItemProxy;
			containerPortal = 3222B40E1C1EBEEA0003813F /* RCTDialogs.xcodeproj */;
			proxyType = 2;
			remoteGlobalIDString = 32285F3C1BFC01E400AD8363;
			remoteInfo = RCTDialogs;
		};
		3222B4181C1EBEF90003813F /* PBXContainerItemProxy */ = {
			isa = PBXContainerItemProxy;
			containerPortal = 3222B4141C1EBEF90003813F /* RCTSplashScreen.xcodeproj */;
			proxyType = 2;
			remoteGlobalIDString = 3245CDED1BFEE35C00EABF68;
			remoteInfo = RCTSplashScreen;
		};
		3222B41E1C1EBF020003813F /* PBXContainerItemProxy */ = {
			isa = PBXContainerItemProxy;
			containerPortal = 3222B41A1C1EBF020003813F /* RCTFileTransfer.xcodeproj */;
			proxyType = 2;
			remoteGlobalIDString = 327632CE1BF99A2F004DA88E;
			remoteInfo = RCTFileTransfer;
		};
		3222B4241C1EBF090003813F /* PBXContainerItemProxy */ = {
			isa = PBXContainerItemProxy;
			containerPortal = 3222B4201C1EBF090003813F /* RCTContacts.xcodeproj */;
			proxyType = 2;
			remoteGlobalIDString = 32308DD61C16B5E900A2ED29;
			remoteInfo = RCTContacts;
		};
		78C398B81ACF4ADC00677621 /* PBXContainerItemProxy */ = {
			isa = PBXContainerItemProxy;
			containerPortal = 78C398B01ACF4ADC00677621 /* RCTLinking.xcodeproj */;
			proxyType = 2;
			remoteGlobalIDString = 134814201AA4EA6300B7C361;
			remoteInfo = RCTLinking;
		};
		832341B41AAA6A8300B99B32 /* PBXContainerItemProxy */ = {
			isa = PBXContainerItemProxy;
			containerPortal = 832341B01AAA6A8300B99B32 /* RCTText.xcodeproj */;
			proxyType = 2;
			remoteGlobalIDString = 58B5119B1A9E6C1200147676;
			remoteInfo = RCTText;
		};
/* End PBXContainerItemProxy section */

/* Begin PBXFileReference section */
		00C302A71ABCB8CE00DB3ED1 /* RCTActionSheet.xcodeproj */ = {isa = PBXFileReference; lastKnownFileType = "wrapper.pb-project"; name = RCTActionSheet.xcodeproj; path = "../node_modules/react-native/Libraries/ActionSheetIOS/RCTActionSheet.xcodeproj"; sourceTree = "<group>"; };
		00C302B51ABCB90400DB3ED1 /* RCTGeolocation.xcodeproj */ = {isa = PBXFileReference; lastKnownFileType = "wrapper.pb-project"; name = RCTGeolocation.xcodeproj; path = "../node_modules/react-native/Libraries/Geolocation/RCTGeolocation.xcodeproj"; sourceTree = "<group>"; };
		00C302BB1ABCB91800DB3ED1 /* RCTImage.xcodeproj */ = {isa = PBXFileReference; lastKnownFileType = "wrapper.pb-project"; name = RCTImage.xcodeproj; path = "../node_modules/react-native/Libraries/Image/RCTImage.xcodeproj"; sourceTree = "<group>"; };
		00C302D31ABCB9D200DB3ED1 /* RCTNetwork.xcodeproj */ = {isa = PBXFileReference; lastKnownFileType = "wrapper.pb-project"; name = RCTNetwork.xcodeproj; path = "../node_modules/react-native/Libraries/Network/RCTNetwork.xcodeproj"; sourceTree = "<group>"; };
		00C302DF1ABCB9EE00DB3ED1 /* RCTVibration.xcodeproj */ = {isa = PBXFileReference; lastKnownFileType = "wrapper.pb-project"; name = RCTVibration.xcodeproj; path = "../node_modules/react-native/Libraries/Vibration/RCTVibration.xcodeproj"; sourceTree = "<group>"; };
		139105B61AF99BAD00B5F7CC /* RCTSettings.xcodeproj */ = {isa = PBXFileReference; lastKnownFileType = "wrapper.pb-project"; name = RCTSettings.xcodeproj; path = "../node_modules/react-native/Libraries/Settings/RCTSettings.xcodeproj"; sourceTree = "<group>"; };
		139FDEE61B06529A00C62182 /* RCTWebSocket.xcodeproj */ = {isa = PBXFileReference; lastKnownFileType = "wrapper.pb-project"; name = RCTWebSocket.xcodeproj; path = "../node_modules/react-native/Libraries/WebSocket/RCTWebSocket.xcodeproj"; sourceTree = "<group>"; };
		13B07F961A680F5B00A75B9A /* KitchenSink.app */ = {isa = PBXFileReference; explicitFileType = wrapper.application; includeInIndex = 0; path = KitchenSink.app; sourceTree = BUILT_PRODUCTS_DIR; };
		13B07FAF1A68108700A75B9A /* AppDelegate.h */ = {isa = PBXFileReference; fileEncoding = 4; lastKnownFileType = sourcecode.c.h; name = AppDelegate.h; path = KitchenSink/AppDelegate.h; sourceTree = "<group>"; };
		13B07FB01A68108700A75B9A /* AppDelegate.m */ = {isa = PBXFileReference; fileEncoding = 4; lastKnownFileType = sourcecode.c.objc; name = AppDelegate.m; path = KitchenSink/AppDelegate.m; sourceTree = "<group>"; };
		13B07FB21A68108700A75B9A /* Base */ = {isa = PBXFileReference; lastKnownFileType = file.xib; name = Base; path = Base.lproj/LaunchScreen.xib; sourceTree = "<group>"; };
		13B07FB51A68108700A75B9A /* Images.xcassets */ = {isa = PBXFileReference; lastKnownFileType = folder.assetcatalog; name = Images.xcassets; path = KitchenSink/Images.xcassets; sourceTree = "<group>"; };
		13B07FB61A68108700A75B9A /* Info.plist */ = {isa = PBXFileReference; fileEncoding = 4; lastKnownFileType = text.plist.xml; name = Info.plist; path = KitchenSink/Info.plist; sourceTree = "<group>"; };
		13B07FB71A68108700A75B9A /* main.m */ = {isa = PBXFileReference; fileEncoding = 4; lastKnownFileType = sourcecode.c.objc; name = main.m; path = KitchenSink/main.m; sourceTree = "<group>"; };
		146833FF1AC3E56700842450 /* React.xcodeproj */ = {isa = PBXFileReference; lastKnownFileType = "wrapper.pb-project"; name = React.xcodeproj; path = "../node_modules/react-native/React/React.xcodeproj"; sourceTree = "<group>"; };
		3222B3D11C1EBE2C0003813F /* RNFS.xcodeproj */ = {isa = PBXFileReference; lastKnownFileType = "wrapper.pb-project"; name = RNFS.xcodeproj; path = "../node_modules/react-native-fs/RNFS.xcodeproj"; sourceTree = "<group>"; };
		3222B3D81C1EBE770003813F /* RCTDes.xcodeproj */ = {isa = PBXFileReference; lastKnownFileType = "wrapper.pb-project"; name = RCTDes.xcodeproj; path = "../node_modules/@remobile/react-native-des/ios/RCTDes.xcodeproj"; sourceTree = "<group>"; };
		3222B3E41C1EBE9B0003813F /* RCTCordova.xcodeproj */ = {isa = PBXFileReference; lastKnownFileType = "wrapper.pb-project"; name = RCTCordova.xcodeproj; path = "../node_modules/@remobile/react-native-cordova/ios/RCTCordova.xcodeproj"; sourceTree = "<group>"; };
		3222B3EA1C1EBEAC0003813F /* RCTToast.xcodeproj */ = {isa = PBXFileReference; lastKnownFileType = "wrapper.pb-project"; name = RCTToast.xcodeproj; path = "../node_modules/@remobile/react-native-toast/ios/RCTToast.xcodeproj"; sourceTree = "<group>"; };
		3222B3F01C1EBEB60003813F /* RCTMarqueeLabel.xcodeproj */ = {isa = PBXFileReference; lastKnownFileType = "wrapper.pb-project"; name = RCTMarqueeLabel.xcodeproj; path = "../node_modules/@remobile/react-native-marquee-label/ios/RCTMarqueeLabel.xcodeproj"; sourceTree = "<group>"; };
		3222B3F61C1EBEBF0003813F /* RCTImagePicker.xcodeproj */ = {isa = PBXFileReference; lastKnownFileType = "wrapper.pb-project"; name = RCTImagePicker.xcodeproj; path = "../node_modules/@remobile/react-native-image-picker/ios/RCTImagePicker.xcodeproj"; sourceTree = "<group>"; };
		3222B3FC1C1EBEC90003813F /* RCTSqlite.xcodeproj */ = {isa = PBXFileReference; lastKnownFileType = "wrapper.pb-project"; name = RCTSqlite.xcodeproj; path = "../node_modules/@remobile/react-native-sqlite/ios/RCTSqlite.xcodeproj"; sourceTree = "<group>"; };
		3222B4021C1EBED30003813F /* RCTFile.xcodeproj */ = {isa = PBXFileReference; lastKnownFileType = "wrapper.pb-project"; name = RCTFile.xcodeproj; path = "../node_modules/@remobile/react-native-file/ios/RCTFile.xcodeproj"; sourceTree = "<group>"; };
		3222B4081C1EBEE20003813F /* RCTCamera.xcodeproj */ = {isa = PBXFileReference; lastKnownFileType = "wrapper.pb-project"; name = RCTCamera.xcodeproj; path = "../node_modules/@remobile/react-native-camera/ios/RCTCamera.xcodeproj"; sourceTree = "<group>"; };
		3222B40E1C1EBEEA0003813F /* RCTDialogs.xcodeproj */ = {isa = PBXFileReference; lastKnownFileType = "wrapper.pb-project"; name = RCTDialogs.xcodeproj; path = "../node_modules/@remobile/react-native-dialogs/ios/RCTDialogs.xcodeproj"; sourceTree = "<group>"; };
		3222B4141C1EBEF90003813F /* RCTSplashScreen.xcodeproj */ = {isa = PBXFileReference; lastKnownFileType = "wrapper.pb-project"; name = RCTSplashScreen.xcodeproj; path = "../node_modules/@remobile/react-native-splashscreen/ios/RCTSplashScreen.xcodeproj"; sourceTree = "<group>"; };
		3222B41A1C1EBF020003813F /* RCTFileTransfer.xcodeproj */ = {isa = PBXFileReference; lastKnownFileType = "wrapper.pb-project"; name = RCTFileTransfer.xcodeproj; path = "../node_modules/@remobile/react-native-file-transfer/ios/RCTFileTransfer.xcodeproj"; sourceTree = "<group>"; };
		3222B4201C1EBF090003813F /* RCTContacts.xcodeproj */ = {isa = PBXFileReference; lastKnownFileType = "wrapper.pb-project"; name = RCTContacts.xcodeproj; path = "../node_modules/@remobile/react-native-contacts/ios/RCTContacts.xcodeproj"; sourceTree = "<group>"; };
		3222B4321C1EBFFC0003813F /* libsqlite3.0.tbd */ = {isa = PBXFileReference; lastKnownFileType = "sourcecode.text-based-dylib-definition"; name = libsqlite3.0.tbd; path = usr/lib/libsqlite3.0.tbd; sourceTree = SDKROOT; };
		3A4D6AF5C209E5E4484A4F8A /* Pods.release.xcconfig */ = {isa = PBXFileReference; includeInIndex = 1; lastKnownFileType = text.xcconfig; name = Pods.release.xcconfig; path = "Pods/Target Support Files/Pods/Pods.release.xcconfig"; sourceTree = "<group>"; };
		55F088CB447FF816111D8554 /* libPods.a */ = {isa = PBXFileReference; explicitFileType = archive.ar; includeInIndex = 0; path = libPods.a; sourceTree = BUILT_PRODUCTS_DIR; };
		78C398B01ACF4ADC00677621 /* RCTLinking.xcodeproj */ = {isa = PBXFileReference; lastKnownFileType = "wrapper.pb-project"; name = RCTLinking.xcodeproj; path = "../node_modules/react-native/Libraries/LinkingIOS/RCTLinking.xcodeproj"; sourceTree = "<group>"; };
		832341B01AAA6A8300B99B32 /* RCTText.xcodeproj */ = {isa = PBXFileReference; lastKnownFileType = "wrapper.pb-project"; name = RCTText.xcodeproj; path = "../node_modules/react-native/Libraries/Text/RCTText.xcodeproj"; sourceTree = "<group>"; };
		A6C11B32C1442FE733444CB1 /* Pods.debug.xcconfig */ = {isa = PBXFileReference; includeInIndex = 1; lastKnownFileType = text.xcconfig; name = Pods.debug.xcconfig; path = "Pods/Target Support Files/Pods/Pods.debug.xcconfig"; sourceTree = "<group>"; };
/* End PBXFileReference section */

/* Begin PBXFrameworksBuildPhase section */
		13B07F8C1A680F5B00A75B9A /* Frameworks */ = {
			isa = PBXFrameworksBuildPhase;
			buildActionMask = 2147483647;
			files = (
				3222B4331C1EBFFC0003813F /* libsqlite3.0.tbd in Frameworks */,
				146834051AC3E58100842450 /* libReact.a in Frameworks */,
				00C302E51ABCBA2D00DB3ED1 /* libRCTActionSheet.a in Frameworks */,
				00C302E71ABCBA2D00DB3ED1 /* libRCTGeolocation.a in Frameworks */,
				00C302E81ABCBA2D00DB3ED1 /* libRCTImage.a in Frameworks */,
				133E29F31AD74F7200F7D852 /* libRCTLinking.a in Frameworks */,
				00C302E91ABCBA2D00DB3ED1 /* libRCTNetwork.a in Frameworks */,
				3222B4281C1EBF3D0003813F /* libRCTSplashScreen.a in Frameworks */,
				3222B4291C1EBF3F0003813F /* libRCTDialogs.a in Frameworks */,
				3222B4271C1EBF3B0003813F /* libRCTFileTransfer.a in Frameworks */,
				3222B42A1C1EBF420003813F /* libRCTCamera.a in Frameworks */,
				139105C61AF99C1200B5F7CC /* libRCTSettings.a in Frameworks */,
				832341BD1AAA6AB300B99B32 /* libRCTText.a in Frameworks */,
				3222B42B1C1EBF450003813F /* libRCTFile.a in Frameworks */,
				3222B4261C1EBF390003813F /* libRCTContacts.a in Frameworks */,
				00C302EA1ABCBA2D00DB3ED1 /* libRCTVibration.a in Frameworks */,
				3222B42C1C1EBF480003813F /* libRCTSqlite.a in Frameworks */,
				3222B42D1C1EBF4C0003813F /* libRCTImagePicker.a in Frameworks */,
				3222B42E1C1EBF4F0003813F /* libRCTMarqueeLabel.a in Frameworks */,
				139FDEF61B0652A700C62182 /* libRCTWebSocket.a in Frameworks */,
				3222B4311C1EBF5E0003813F /* libRCTCordova.a in Frameworks */,
				3222B42F1C1EBF570003813F /* libRCTToast.a in Frameworks */,
				3222B3D71C1EBE390003813F /* libRNFS.a in Frameworks */,
				3222B4301C1EBF5A0003813F /* libRCTDes.a in Frameworks */,
				A9BEE7C53C4AB7DC96D013EE /* libPods.a in Frameworks */,
			);
			runOnlyForDeploymentPostprocessing = 0;
		};
/* End PBXFrameworksBuildPhase section */

/* Begin PBXGroup section */
		00C302A81ABCB8CE00DB3ED1 /* Products */ = {
			isa = PBXGroup;
			children = (
				00C302AC1ABCB8CE00DB3ED1 /* libRCTActionSheet.a */,
			);
			name = Products;
			sourceTree = "<group>";
		};
		00C302B61ABCB90400DB3ED1 /* Products */ = {
			isa = PBXGroup;
			children = (
				00C302BA1ABCB90400DB3ED1 /* libRCTGeolocation.a */,
			);
			name = Products;
			sourceTree = "<group>";
		};
		00C302BC1ABCB91800DB3ED1 /* Products */ = {
			isa = PBXGroup;
			children = (
				00C302C01ABCB91800DB3ED1 /* libRCTImage.a */,
			);
			name = Products;
			sourceTree = "<group>";
		};
		00C302D41ABCB9D200DB3ED1 /* Products */ = {
			isa = PBXGroup;
			children = (
				00C302DC1ABCB9D200DB3ED1 /* libRCTNetwork.a */,
			);
			name = Products;
			sourceTree = "<group>";
		};
		00C302E01ABCB9EE00DB3ED1 /* Products */ = {
			isa = PBXGroup;
			children = (
				00C302E41ABCB9EE00DB3ED1 /* libRCTVibration.a */,
			);
			name = Products;
			sourceTree = "<group>";
		};
		127195BC6D14E28D7C9D3C47 /* Frameworks */ = {
			isa = PBXGroup;
			children = (
				3222B4321C1EBFFC0003813F /* libsqlite3.0.tbd */,
				55F088CB447FF816111D8554 /* libPods.a */,
			);
			name = Frameworks;
			sourceTree = "<group>";
		};
		139105B71AF99BAD00B5F7CC /* Products */ = {
			isa = PBXGroup;
			children = (
				139105C11AF99BAD00B5F7CC /* libRCTSettings.a */,
			);
			name = Products;
			sourceTree = "<group>";
		};
		139FDEE71B06529A00C62182 /* Products */ = {
			isa = PBXGroup;
			children = (
				139FDEF41B06529B00C62182 /* libRCTWebSocket.a */,
			);
			name = Products;
			sourceTree = "<group>";
		};
		13B07FAE1A68108700A75B9A /* KitchenSink */ = {
			isa = PBXGroup;
			children = (
				13B07FAF1A68108700A75B9A /* AppDelegate.h */,
				13B07FB01A68108700A75B9A /* AppDelegate.m */,
				13B07FB51A68108700A75B9A /* Images.xcassets */,
				13B07FB61A68108700A75B9A /* Info.plist */,
				13B07FB11A68108700A75B9A /* LaunchScreen.xib */,
				13B07FB71A68108700A75B9A /* main.m */,
			);
			name = KitchenSink;
			sourceTree = "<group>";
		};
		146834001AC3E56700842450 /* Products */ = {
			isa = PBXGroup;
			children = (
				146834041AC3E56700842450 /* libReact.a */,
			);
			name = Products;
			sourceTree = "<group>";
		};
		3222B3C51C1EBDCD0003813F /* RemobileLibraries */ = {
			isa = PBXGroup;
			children = (
				3222B4201C1EBF090003813F /* RCTContacts.xcodeproj */,
				3222B41A1C1EBF020003813F /* RCTFileTransfer.xcodeproj */,
				3222B4141C1EBEF90003813F /* RCTSplashScreen.xcodeproj */,
				3222B40E1C1EBEEA0003813F /* RCTDialogs.xcodeproj */,
				3222B4081C1EBEE20003813F /* RCTCamera.xcodeproj */,
				3222B4021C1EBED30003813F /* RCTFile.xcodeproj */,
				3222B3FC1C1EBEC90003813F /* RCTSqlite.xcodeproj */,
				3222B3F61C1EBEBF0003813F /* RCTImagePicker.xcodeproj */,
				3222B3F01C1EBEB60003813F /* RCTMarqueeLabel.xcodeproj */,
				3222B3EA1C1EBEAC0003813F /* RCTToast.xcodeproj */,
				3222B3D81C1EBE770003813F /* RCTDes.xcodeproj */,
				3222B3E41C1EBE9B0003813F /* RCTCordova.xcodeproj */,
			);
			name = RemobileLibraries;
			sourceTree = "<group>";
		};
		3222B3D01C1EBDDA0003813F /* VendorLibraries */ = {
			isa = PBXGroup;
			children = (
				3222B3D11C1EBE2C0003813F /* RNFS.xcodeproj */,
			);
			name = VendorLibraries;
			sourceTree = "<group>";
		};
		3222B3D21C1EBE2C0003813F /* Products */ = {
			isa = PBXGroup;
			children = (
				3222B3D61C1EBE2C0003813F /* libRNFS.a */,
			);
			name = Products;
			sourceTree = "<group>";
		};
		3222B3D91C1EBE770003813F /* Products */ = {
			isa = PBXGroup;
			children = (
				3222B3DD1C1EBE780003813F /* libRCTDes.a */,
			);
			name = Products;
			sourceTree = "<group>";
		};
		3222B3E51C1EBE9B0003813F /* Products */ = {
			isa = PBXGroup;
			children = (
				3222B3E91C1EBE9B0003813F /* libRCTCordova.a */,
			);
			name = Products;
			sourceTree = "<group>";
		};
		3222B3EB1C1EBEAC0003813F /* Products */ = {
			isa = PBXGroup;
			children = (
				3222B3EF1C1EBEAC0003813F /* libRCTToast.a */,
			);
			name = Products;
			sourceTree = "<group>";
		};
		3222B3F11C1EBEB60003813F /* Products */ = {
			isa = PBXGroup;
			children = (
				3222B3F51C1EBEB60003813F /* libRCTMarqueeLabel.a */,
			);
			name = Products;
			sourceTree = "<group>";
		};
		3222B3F71C1EBEBF0003813F /* Products */ = {
			isa = PBXGroup;
			children = (
				3222B3FB1C1EBEBF0003813F /* libRCTImagePicker.a */,
			);
			name = Products;
			sourceTree = "<group>";
		};
		3222B3FD1C1EBEC90003813F /* Products */ = {
			isa = PBXGroup;
			children = (
				3222B4011C1EBECA0003813F /* libRCTSqlite.a */,
			);
			name = Products;
			sourceTree = "<group>";
		};
		3222B4031C1EBED30003813F /* Products */ = {
			isa = PBXGroup;
			children = (
				3222B4071C1EBED30003813F /* libRCTFile.a */,
			);
			name = Products;
			sourceTree = "<group>";
		};
		3222B4091C1EBEE20003813F /* Products */ = {
			isa = PBXGroup;
			children = (
				3222B40D1C1EBEE20003813F /* libRCTCamera.a */,
			);
			name = Products;
			sourceTree = "<group>";
		};
		3222B40F1C1EBEEA0003813F /* Products */ = {
			isa = PBXGroup;
			children = (
				3222B4131C1EBEEB0003813F /* libRCTDialogs.a */,
			);
			name = Products;
			sourceTree = "<group>";
		};
		3222B4151C1EBEF90003813F /* Products */ = {
			isa = PBXGroup;
			children = (
				3222B4191C1EBEF90003813F /* libRCTSplashScreen.a */,
			);
			name = Products;
			sourceTree = "<group>";
		};
		3222B41B1C1EBF020003813F /* Products */ = {
			isa = PBXGroup;
			children = (
				3222B41F1C1EBF020003813F /* libRCTFileTransfer.a */,
			);
			name = Products;
			sourceTree = "<group>";
		};
		3222B4211C1EBF090003813F /* Products */ = {
			isa = PBXGroup;
			children = (
				3222B4251C1EBF090003813F /* libRCTContacts.a */,
			);
			name = Products;
			sourceTree = "<group>";
		};
		45F266181E09DE862231C8DA /* Pods */ = {
			isa = PBXGroup;
			children = (
				A6C11B32C1442FE733444CB1 /* Pods.debug.xcconfig */,
				3A4D6AF5C209E5E4484A4F8A /* Pods.release.xcconfig */,
			);
			name = Pods;
			sourceTree = "<group>";
		};
		78C398B11ACF4ADC00677621 /* Products */ = {
			isa = PBXGroup;
			children = (
				78C398B91ACF4ADC00677621 /* libRCTLinking.a */,
			);
			name = Products;
			sourceTree = "<group>";
		};
		832341AE1AAA6A7D00B99B32 /* Libraries */ = {
			isa = PBXGroup;
			children = (
				146833FF1AC3E56700842450 /* React.xcodeproj */,
				00C302A71ABCB8CE00DB3ED1 /* RCTActionSheet.xcodeproj */,
				00C302B51ABCB90400DB3ED1 /* RCTGeolocation.xcodeproj */,
				00C302BB1ABCB91800DB3ED1 /* RCTImage.xcodeproj */,
				78C398B01ACF4ADC00677621 /* RCTLinking.xcodeproj */,
				00C302D31ABCB9D200DB3ED1 /* RCTNetwork.xcodeproj */,
				139105B61AF99BAD00B5F7CC /* RCTSettings.xcodeproj */,
				832341B01AAA6A8300B99B32 /* RCTText.xcodeproj */,
				00C302DF1ABCB9EE00DB3ED1 /* RCTVibration.xcodeproj */,
				139FDEE61B06529A00C62182 /* RCTWebSocket.xcodeproj */,
			);
			name = Libraries;
			sourceTree = "<group>";
		};
		832341B11AAA6A8300B99B32 /* Products */ = {
			isa = PBXGroup;
			children = (
				832341B51AAA6A8300B99B32 /* libRCTText.a */,
			);
			name = Products;
			sourceTree = "<group>";
		};
		83CBB9F61A601CBA00E9B192 = {
			isa = PBXGroup;
			children = (
				13B07FAE1A68108700A75B9A /* KitchenSink */,
				3222B3C51C1EBDCD0003813F /* RemobileLibraries */,
				3222B3D01C1EBDDA0003813F /* VendorLibraries */,
				832341AE1AAA6A7D00B99B32 /* Libraries */,
				83CBBA001A601CBA00E9B192 /* Products */,
				45F266181E09DE862231C8DA /* Pods */,
				127195BC6D14E28D7C9D3C47 /* Frameworks */,
			);
			indentWidth = 2;
			sourceTree = "<group>";
			tabWidth = 2;
		};
		83CBBA001A601CBA00E9B192 /* Products */ = {
			isa = PBXGroup;
			children = (
				13B07F961A680F5B00A75B9A /* KitchenSink.app */,
			);
			name = Products;
			sourceTree = "<group>";
		};
/* End PBXGroup section */

/* Begin PBXNativeTarget section */
		13B07F861A680F5B00A75B9A /* KitchenSink */ = {
			isa = PBXNativeTarget;
			buildConfigurationList = 13B07F931A680F5B00A75B9A /* Build configuration list for PBXNativeTarget "KitchenSink" */;
			buildPhases = (
				7BB0D2D55CBFAF18A3208E0F /* Check Pods Manifest.lock */,
				13B07F871A680F5B00A75B9A /* Sources */,
				13B07F8C1A680F5B00A75B9A /* Frameworks */,
				13B07F8E1A680F5B00A75B9A /* Resources */,
				00DD1BFF1BD5951E006B06BC /* Bundle React Native code and images */,
				BBA6F81DE897B9ACDDBB9932 /* Copy Pods Resources */,
			);
			buildRules = (
			);
			dependencies = (
			);
			name = KitchenSink;
			productName = "Hello World";
			productReference = 13B07F961A680F5B00A75B9A /* KitchenSink.app */;
			productType = "com.apple.product-type.application";
		};
/* End PBXNativeTarget section */

/* Begin PBXProject section */
		83CBB9F71A601CBA00E9B192 /* Project object */ = {
			isa = PBXProject;
			attributes = {
				LastUpgradeCheck = 0720;
				ORGANIZATIONNAME = Facebook;
			};
			buildConfigurationList = 83CBB9FA1A601CBA00E9B192 /* Build configuration list for PBXProject "KitchenSink" */;
			compatibilityVersion = "Xcode 3.2";
			developmentRegion = English;
			hasScannedForEncodings = 0;
			knownRegions = (
				en,
				Base,
			);
			mainGroup = 83CBB9F61A601CBA00E9B192;
			productRefGroup = 83CBBA001A601CBA00E9B192 /* Products */;
			projectDirPath = "";
			projectReferences = (
				{
					ProductGroup = 00C302A81ABCB8CE00DB3ED1 /* Products */;
					ProjectRef = 00C302A71ABCB8CE00DB3ED1 /* RCTActionSheet.xcodeproj */;
				},
				{
					ProductGroup = 3222B4091C1EBEE20003813F /* Products */;
					ProjectRef = 3222B4081C1EBEE20003813F /* RCTCamera.xcodeproj */;
				},
				{
					ProductGroup = 3222B4211C1EBF090003813F /* Products */;
					ProjectRef = 3222B4201C1EBF090003813F /* RCTContacts.xcodeproj */;
				},
				{
					ProductGroup = 3222B3E51C1EBE9B0003813F /* Products */;
					ProjectRef = 3222B3E41C1EBE9B0003813F /* RCTCordova.xcodeproj */;
				},
				{
					ProductGroup = 3222B3D91C1EBE770003813F /* Products */;
					ProjectRef = 3222B3D81C1EBE770003813F /* RCTDes.xcodeproj */;
				},
				{
					ProductGroup = 3222B40F1C1EBEEA0003813F /* Products */;
					ProjectRef = 3222B40E1C1EBEEA0003813F /* RCTDialogs.xcodeproj */;
				},
				{
					ProductGroup = 3222B4031C1EBED30003813F /* Products */;
					ProjectRef = 3222B4021C1EBED30003813F /* RCTFile.xcodeproj */;
				},
				{
					ProductGroup = 3222B41B1C1EBF020003813F /* Products */;
					ProjectRef = 3222B41A1C1EBF020003813F /* RCTFileTransfer.xcodeproj */;
				},
				{
					ProductGroup = 00C302B61ABCB90400DB3ED1 /* Products */;
					ProjectRef = 00C302B51ABCB90400DB3ED1 /* RCTGeolocation.xcodeproj */;
				},
				{
					ProductGroup = 00C302BC1ABCB91800DB3ED1 /* Products */;
					ProjectRef = 00C302BB1ABCB91800DB3ED1 /* RCTImage.xcodeproj */;
				},
				{
					ProductGroup = 3222B3F71C1EBEBF0003813F /* Products */;
					ProjectRef = 3222B3F61C1EBEBF0003813F /* RCTImagePicker.xcodeproj */;
				},
				{
					ProductGroup = 78C398B11ACF4ADC00677621 /* Products */;
					ProjectRef = 78C398B01ACF4ADC00677621 /* RCTLinking.xcodeproj */;
				},
				{
					ProductGroup = 3222B3F11C1EBEB60003813F /* Products */;
					ProjectRef = 3222B3F01C1EBEB60003813F /* RCTMarqueeLabel.xcodeproj */;
				},
				{
					ProductGroup = 00C302D41ABCB9D200DB3ED1 /* Products */;
					ProjectRef = 00C302D31ABCB9D200DB3ED1 /* RCTNetwork.xcodeproj */;
				},
				{
					ProductGroup = 139105B71AF99BAD00B5F7CC /* Products */;
					ProjectRef = 139105B61AF99BAD00B5F7CC /* RCTSettings.xcodeproj */;
				},
				{
					ProductGroup = 3222B4151C1EBEF90003813F /* Products */;
					ProjectRef = 3222B4141C1EBEF90003813F /* RCTSplashScreen.xcodeproj */;
				},
				{
					ProductGroup = 3222B3FD1C1EBEC90003813F /* Products */;
					ProjectRef = 3222B3FC1C1EBEC90003813F /* RCTSqlite.xcodeproj */;
				},
				{
					ProductGroup = 832341B11AAA6A8300B99B32 /* Products */;
					ProjectRef = 832341B01AAA6A8300B99B32 /* RCTText.xcodeproj */;
				},
				{
					ProductGroup = 3222B3EB1C1EBEAC0003813F /* Products */;
					ProjectRef = 3222B3EA1C1EBEAC0003813F /* RCTToast.xcodeproj */;
				},
				{
					ProductGroup = 00C302E01ABCB9EE00DB3ED1 /* Products */;
					ProjectRef = 00C302DF1ABCB9EE00DB3ED1 /* RCTVibration.xcodeproj */;
				},
				{
					ProductGroup = 139FDEE71B06529A00C62182 /* Products */;
					ProjectRef = 139FDEE61B06529A00C62182 /* RCTWebSocket.xcodeproj */;
				},
				{
					ProductGroup = 146834001AC3E56700842450 /* Products */;
					ProjectRef = 146833FF1AC3E56700842450 /* React.xcodeproj */;
				},
				{
					ProductGroup = 3222B3D21C1EBE2C0003813F /* Products */;
					ProjectRef = 3222B3D11C1EBE2C0003813F /* RNFS.xcodeproj */;
				},
			);
			projectRoot = "";
			targets = (
				13B07F861A680F5B00A75B9A /* KitchenSink */,
			);
		};
/* End PBXProject section */

/* Begin PBXReferenceProxy section */
		00C302AC1ABCB8CE00DB3ED1 /* libRCTActionSheet.a */ = {
			isa = PBXReferenceProxy;
			fileType = archive.ar;
			path = libRCTActionSheet.a;
			remoteRef = 00C302AB1ABCB8CE00DB3ED1 /* PBXContainerItemProxy */;
			sourceTree = BUILT_PRODUCTS_DIR;
		};
		00C302BA1ABCB90400DB3ED1 /* libRCTGeolocation.a */ = {
			isa = PBXReferenceProxy;
			fileType = archive.ar;
			path = libRCTGeolocation.a;
			remoteRef = 00C302B91ABCB90400DB3ED1 /* PBXContainerItemProxy */;
			sourceTree = BUILT_PRODUCTS_DIR;
		};
		00C302C01ABCB91800DB3ED1 /* libRCTImage.a */ = {
			isa = PBXReferenceProxy;
			fileType = archive.ar;
			path = libRCTImage.a;
			remoteRef = 00C302BF1ABCB91800DB3ED1 /* PBXContainerItemProxy */;
			sourceTree = BUILT_PRODUCTS_DIR;
		};
		00C302DC1ABCB9D200DB3ED1 /* libRCTNetwork.a */ = {
			isa = PBXReferenceProxy;
			fileType = archive.ar;
			path = libRCTNetwork.a;
			remoteRef = 00C302DB1ABCB9D200DB3ED1 /* PBXContainerItemProxy */;
			sourceTree = BUILT_PRODUCTS_DIR;
		};
		00C302E41ABCB9EE00DB3ED1 /* libRCTVibration.a */ = {
			isa = PBXReferenceProxy;
			fileType = archive.ar;
			path = libRCTVibration.a;
			remoteRef = 00C302E31ABCB9EE00DB3ED1 /* PBXContainerItemProxy */;
			sourceTree = BUILT_PRODUCTS_DIR;
		};
		139105C11AF99BAD00B5F7CC /* libRCTSettings.a */ = {
			isa = PBXReferenceProxy;
			fileType = archive.ar;
			path = libRCTSettings.a;
			remoteRef = 139105C01AF99BAD00B5F7CC /* PBXContainerItemProxy */;
			sourceTree = BUILT_PRODUCTS_DIR;
		};
		139FDEF41B06529B00C62182 /* libRCTWebSocket.a */ = {
			isa = PBXReferenceProxy;
			fileType = archive.ar;
			path = libRCTWebSocket.a;
			remoteRef = 139FDEF31B06529B00C62182 /* PBXContainerItemProxy */;
			sourceTree = BUILT_PRODUCTS_DIR;
		};
		146834041AC3E56700842450 /* libReact.a */ = {
			isa = PBXReferenceProxy;
			fileType = archive.ar;
			path = libReact.a;
			remoteRef = 146834031AC3E56700842450 /* PBXContainerItemProxy */;
			sourceTree = BUILT_PRODUCTS_DIR;
		};
		3222B3D61C1EBE2C0003813F /* libRNFS.a */ = {
			isa = PBXReferenceProxy;
			fileType = archive.ar;
			path = libRNFS.a;
			remoteRef = 3222B3D51C1EBE2C0003813F /* PBXContainerItemProxy */;
			sourceTree = BUILT_PRODUCTS_DIR;
		};
		3222B3DD1C1EBE780003813F /* libRCTDes.a */ = {
			isa = PBXReferenceProxy;
			fileType = archive.ar;
			path = libRCTDes.a;
			remoteRef = 3222B3DC1C1EBE780003813F /* PBXContainerItemProxy */;
			sourceTree = BUILT_PRODUCTS_DIR;
		};
		3222B3E91C1EBE9B0003813F /* libRCTCordova.a */ = {
			isa = PBXReferenceProxy;
			fileType = archive.ar;
			path = libRCTCordova.a;
			remoteRef = 3222B3E81C1EBE9B0003813F /* PBXContainerItemProxy */;
			sourceTree = BUILT_PRODUCTS_DIR;
		};
		3222B3EF1C1EBEAC0003813F /* libRCTToast.a */ = {
			isa = PBXReferenceProxy;
			fileType = archive.ar;
			path = libRCTToast.a;
			remoteRef = 3222B3EE1C1EBEAC0003813F /* PBXContainerItemProxy */;
			sourceTree = BUILT_PRODUCTS_DIR;
		};
		3222B3F51C1EBEB60003813F /* libRCTMarqueeLabel.a */ = {
			isa = PBXReferenceProxy;
			fileType = archive.ar;
			path = libRCTMarqueeLabel.a;
			remoteRef = 3222B3F41C1EBEB60003813F /* PBXContainerItemProxy */;
			sourceTree = BUILT_PRODUCTS_DIR;
		};
		3222B3FB1C1EBEBF0003813F /* libRCTImagePicker.a */ = {
			isa = PBXReferenceProxy;
			fileType = archive.ar;
			path = libRCTImagePicker.a;
			remoteRef = 3222B3FA1C1EBEBF0003813F /* PBXContainerItemProxy */;
			sourceTree = BUILT_PRODUCTS_DIR;
		};
		3222B4011C1EBECA0003813F /* libRCTSqlite.a */ = {
			isa = PBXReferenceProxy;
			fileType = archive.ar;
			path = libRCTSqlite.a;
			remoteRef = 3222B4001C1EBECA0003813F /* PBXContainerItemProxy */;
			sourceTree = BUILT_PRODUCTS_DIR;
		};
		3222B4071C1EBED30003813F /* libRCTFile.a */ = {
			isa = PBXReferenceProxy;
			fileType = archive.ar;
			path = libRCTFile.a;
			remoteRef = 3222B4061C1EBED30003813F /* PBXContainerItemProxy */;
			sourceTree = BUILT_PRODUCTS_DIR;
		};
		3222B40D1C1EBEE20003813F /* libRCTCamera.a */ = {
			isa = PBXReferenceProxy;
			fileType = archive.ar;
			path = libRCTCamera.a;
			remoteRef = 3222B40C1C1EBEE20003813F /* PBXContainerItemProxy */;
			sourceTree = BUILT_PRODUCTS_DIR;
		};
		3222B4131C1EBEEB0003813F /* libRCTDialogs.a */ = {
			isa = PBXReferenceProxy;
			fileType = archive.ar;
			path = libRCTDialogs.a;
			remoteRef = 3222B4121C1EBEEB0003813F /* PBXContainerItemProxy */;
			sourceTree = BUILT_PRODUCTS_DIR;
		};
		3222B4191C1EBEF90003813F /* libRCTSplashScreen.a */ = {
			isa = PBXReferenceProxy;
			fileType = archive.ar;
			path = libRCTSplashScreen.a;
			remoteRef = 3222B4181C1EBEF90003813F /* PBXContainerItemProxy */;
			sourceTree = BUILT_PRODUCTS_DIR;
		};
		3222B41F1C1EBF020003813F /* libRCTFileTransfer.a */ = {
			isa = PBXReferenceProxy;
			fileType = archive.ar;
			path = libRCTFileTransfer.a;
			remoteRef = 3222B41E1C1EBF020003813F /* PBXContainerItemProxy */;
			sourceTree = BUILT_PRODUCTS_DIR;
		};
		3222B4251C1EBF090003813F /* libRCTContacts.a */ = {
			isa = PBXReferenceProxy;
			fileType = archive.ar;
			path = libRCTContacts.a;
			remoteRef = 3222B4241C1EBF090003813F /* PBXContainerItemProxy */;
			sourceTree = BUILT_PRODUCTS_DIR;
		};
		78C398B91ACF4ADC00677621 /* libRCTLinking.a */ = {
			isa = PBXReferenceProxy;
			fileType = archive.ar;
			path = libRCTLinking.a;
			remoteRef = 78C398B81ACF4ADC00677621 /* PBXContainerItemProxy */;
			sourceTree = BUILT_PRODUCTS_DIR;
		};
		832341B51AAA6A8300B99B32 /* libRCTText.a */ = {
			isa = PBXReferenceProxy;
			fileType = archive.ar;
			path = libRCTText.a;
			remoteRef = 832341B41AAA6A8300B99B32 /* PBXContainerItemProxy */;
			sourceTree = BUILT_PRODUCTS_DIR;
		};
/* End PBXReferenceProxy section */

/* Begin PBXResourcesBuildPhase section */
		13B07F8E1A680F5B00A75B9A /* Resources */ = {
			isa = PBXResourcesBuildPhase;
			buildActionMask = 2147483647;
			files = (
				13B07FBF1A68108700A75B9A /* Images.xcassets in Resources */,
				13B07FBD1A68108700A75B9A /* LaunchScreen.xib in Resources */,
			);
			runOnlyForDeploymentPostprocessing = 0;
		};
/* End PBXResourcesBuildPhase section */

/* Begin PBXShellScriptBuildPhase section */
		00DD1BFF1BD5951E006B06BC /* Bundle React Native code and images */ = {
			isa = PBXShellScriptBuildPhase;
			buildActionMask = 2147483647;
			files = (
			);
			inputPaths = (
			);
			name = "Bundle React Native code and images";
			outputPaths = (
			);
			runOnlyForDeploymentPostprocessing = 0;
			shellPath = /bin/sh;
			shellScript = "PATH=$PATH:/usr/local/bin ../node_modules/react-native/packager/react-native-xcode.sh";
		};
		7BB0D2D55CBFAF18A3208E0F /* Check Pods Manifest.lock */ = {
			isa = PBXShellScriptBuildPhase;
			buildActionMask = 2147483647;
			files = (
			);
			inputPaths = (
			);
			name = "Check Pods Manifest.lock";
			outputPaths = (
			);
			runOnlyForDeploymentPostprocessing = 0;
			shellPath = /bin/sh;
			shellScript = "diff \"${PODS_ROOT}/../Podfile.lock\" \"${PODS_ROOT}/Manifest.lock\" > /dev/null\nif [[ $? != 0 ]] ; then\n    cat << EOM\nerror: The sandbox is not in sync with the Podfile.lock. Run 'pod install' or update your CocoaPods installation.\nEOM\n    exit 1\nfi\n";
			showEnvVarsInLog = 0;
		};
		BBA6F81DE897B9ACDDBB9932 /* Copy Pods Resources */ = {
			isa = PBXShellScriptBuildPhase;
			buildActionMask = 2147483647;
			files = (
			);
			inputPaths = (
			);
			name = "Copy Pods Resources";
			outputPaths = (
			);
			runOnlyForDeploymentPostprocessing = 0;
			shellPath = /bin/sh;
			shellScript = "\"${SRCROOT}/Pods/Target Support Files/Pods/Pods-resources.sh\"\n";
			showEnvVarsInLog = 0;
		};
/* End PBXShellScriptBuildPhase section */

/* Begin PBXSourcesBuildPhase section */
		13B07F871A680F5B00A75B9A /* Sources */ = {
			isa = PBXSourcesBuildPhase;
			buildActionMask = 2147483647;
			files = (
				13B07FBC1A68108700A75B9A /* AppDelegate.m in Sources */,
				13B07FC11A68108700A75B9A /* main.m in Sources */,
			);
			runOnlyForDeploymentPostprocessing = 0;
		};
/* End PBXSourcesBuildPhase section */

/* Begin PBXVariantGroup section */
		13B07FB11A68108700A75B9A /* LaunchScreen.xib */ = {
			isa = PBXVariantGroup;
			children = (
				13B07FB21A68108700A75B9A /* Base */,
			);
			name = LaunchScreen.xib;
			path = KitchenSink;
			sourceTree = "<group>";
		};
/* End PBXVariantGroup section */

/* Begin XCBuildConfiguration section */
		13B07F941A680F5B00A75B9A /* Debug */ = {
			isa = XCBuildConfiguration;
			baseConfigurationReference = A6C11B32C1442FE733444CB1 /* Pods.debug.xcconfig */;
			buildSettings = {
				ASSETCATALOG_COMPILER_APPICON_NAME = AppIcon;
				DEAD_CODE_STRIPPING = NO;
				HEADER_SEARCH_PATHS = (
					"$(inherited)",
					/Applications/Xcode.app/Contents/Developer/Toolchains/XcodeDefault.xctoolchain/usr/include,
					"$(SRCROOT)/../node_modules/react-native/React/**",
					"$(SRCROOT)/../node_modules/@remobile/react-native-splashscreen/ios/RCTSplashScreen",
				);
				INFOPLIST_FILE = KitchenSink/Info.plist;
				IPHONEOS_DEPLOYMENT_TARGET = 7.1;
				LD_RUNPATH_SEARCH_PATHS = "$(inherited) @executable_path/Frameworks";
				OTHER_LDFLAGS = "$(inherited)";
				PRODUCT_BUNDLE_IDENTIFIER = "org.reactjs.native.example.$(PRODUCT_NAME:rfc1034identifier)";
				PRODUCT_NAME = KitchenSink;
			};
			name = Debug;
		};
		13B07F951A680F5B00A75B9A /* Release */ = {
			isa = XCBuildConfiguration;
			baseConfigurationReference = 3A4D6AF5C209E5E4484A4F8A /* Pods.release.xcconfig */;
			buildSettings = {
				ASSETCATALOG_COMPILER_APPICON_NAME = AppIcon;
				HEADER_SEARCH_PATHS = (
					"$(inherited)",
					/Applications/Xcode.app/Contents/Developer/Toolchains/XcodeDefault.xctoolchain/usr/include,
					"$(SRCROOT)/../node_modules/react-native/React/**",
					"$(SRCROOT)/../node_modules/@remobile/react-native-splashscreen/ios/RCTSplashScreen",
				);
				INFOPLIST_FILE = KitchenSink/Info.plist;
				IPHONEOS_DEPLOYMENT_TARGET = 7.1;
				LD_RUNPATH_SEARCH_PATHS = "$(inherited) @executable_path/Frameworks";
				OTHER_LDFLAGS = "$(inherited)";
				PRODUCT_BUNDLE_IDENTIFIER = "org.reactjs.native.example.$(PRODUCT_NAME:rfc1034identifier)";
				PRODUCT_NAME = KitchenSink;
			};
			name = Release;
		};
		83CBBA201A601CBA00E9B192 /* Debug */ = {
			isa = XCBuildConfiguration;
			buildSettings = {
				ALWAYS_SEARCH_USER_PATHS = NO;
				CLANG_CXX_LANGUAGE_STANDARD = "gnu++0x";
				CLANG_CXX_LIBRARY = "libc++";
				CLANG_ENABLE_MODULES = YES;
				CLANG_ENABLE_OBJC_ARC = YES;
				CLANG_WARN_BOOL_CONVERSION = YES;
				CLANG_WARN_CONSTANT_CONVERSION = YES;
				CLANG_WARN_DIRECT_OBJC_ISA_USAGE = YES_ERROR;
				CLANG_WARN_EMPTY_BODY = YES;
				CLANG_WARN_ENUM_CONVERSION = YES;
				CLANG_WARN_INT_CONVERSION = YES;
				CLANG_WARN_OBJC_ROOT_CLASS = YES_ERROR;
				CLANG_WARN_UNREACHABLE_CODE = YES;
				CLANG_WARN__DUPLICATE_METHOD_MATCH = YES;
				"CODE_SIGN_IDENTITY[sdk=iphoneos*]" = "iPhone Developer";
				COPY_PHASE_STRIP = NO;
				ENABLE_STRICT_OBJC_MSGSEND = YES;
				ENABLE_TESTABILITY = YES;
				GCC_C_LANGUAGE_STANDARD = gnu99;
				GCC_DYNAMIC_NO_PIC = NO;
				GCC_OPTIMIZATION_LEVEL = 0;
				GCC_PREPROCESSOR_DEFINITIONS = (
					"DEBUG=1",
					"$(inherited)",
				);
				GCC_SYMBOLS_PRIVATE_EXTERN = NO;
				GCC_WARN_64_TO_32_BIT_CONVERSION = YES;
				GCC_WARN_ABOUT_RETURN_TYPE = YES_ERROR;
				GCC_WARN_UNDECLARED_SELECTOR = YES;
				GCC_WARN_UNINITIALIZED_AUTOS = YES_AGGRESSIVE;
				GCC_WARN_UNUSED_FUNCTION = YES;
				GCC_WARN_UNUSED_VARIABLE = YES;
				HEADER_SEARCH_PATHS = (
					"$(inherited)",
					/Applications/Xcode.app/Contents/Developer/Toolchains/XcodeDefault.xctoolchain/usr/include,
					"$(SRCROOT)/../node_modules/react-native/React/**",
				);
				IPHONEOS_DEPLOYMENT_TARGET = 7.0;
				MTL_ENABLE_DEBUG_INFO = YES;
				ONLY_ACTIVE_ARCH = YES;
				SDKROOT = iphoneos;
			};
			name = Debug;
		};
		83CBBA211A601CBA00E9B192 /* Release */ = {
			isa = XCBuildConfiguration;
			buildSettings = {
				ALWAYS_SEARCH_USER_PATHS = NO;
				CLANG_CXX_LANGUAGE_STANDARD = "gnu++0x";
				CLANG_CXX_LIBRARY = "libc++";
				CLANG_ENABLE_MODULES = YES;
				CLANG_ENABLE_OBJC_ARC = YES;
				CLANG_WARN_BOOL_CONVERSION = YES;
				CLANG_WARN_CONSTANT_CONVERSION = YES;
				CLANG_WARN_DIRECT_OBJC_ISA_USAGE = YES_ERROR;
				CLANG_WARN_EMPTY_BODY = YES;
				CLANG_WARN_ENUM_CONVERSION = YES;
				CLANG_WARN_INT_CONVERSION = YES;
				CLANG_WARN_OBJC_ROOT_CLASS = YES_ERROR;
				CLANG_WARN_UNREACHABLE_CODE = YES;
				CLANG_WARN__DUPLICATE_METHOD_MATCH = YES;
				"CODE_SIGN_IDENTITY[sdk=iphoneos*]" = "iPhone Developer";
				COPY_PHASE_STRIP = YES;
				ENABLE_NS_ASSERTIONS = NO;
				ENABLE_STRICT_OBJC_MSGSEND = YES;
				GCC_C_LANGUAGE_STANDARD = gnu99;
				GCC_WARN_64_TO_32_BIT_CONVERSION = YES;
				GCC_WARN_ABOUT_RETURN_TYPE = YES_ERROR;
				GCC_WARN_UNDECLARED_SELECTOR = YES;
				GCC_WARN_UNINITIALIZED_AUTOS = YES_AGGRESSIVE;
				GCC_WARN_UNUSED_FUNCTION = YES;
				GCC_WARN_UNUSED_VARIABLE = YES;
				HEADER_SEARCH_PATHS = (
					"$(inherited)",
					/Applications/Xcode.app/Contents/Developer/Toolchains/XcodeDefault.xctoolchain/usr/include,
					"$(SRCROOT)/../node_modules/react-native/React/**",
				);
				IPHONEOS_DEPLOYMENT_TARGET = 7.0;
				MTL_ENABLE_DEBUG_INFO = NO;
				SDKROOT = iphoneos;
				VALIDATE_PRODUCT = YES;
			};
			name = Release;
		};
/* End XCBuildConfiguration section */

/* Begin XCConfigurationList section */
		13B07F931A680F5B00A75B9A /* Build configuration list for PBXNativeTarget "KitchenSink" */ = {
			isa = XCConfigurationList;
			buildConfigurations = (
				13B07F941A680F5B00A75B9A /* Debug */,
				13B07F951A680F5B00A75B9A /* Release */,
			);
			defaultConfigurationIsVisible = 0;
			defaultConfigurationName = Release;
		};
		83CBB9FA1A601CBA00E9B192 /* Build configuration list for PBXProject "KitchenSink" */ = {
			isa = XCConfigurationList;
			buildConfigurations = (
				83CBBA201A601CBA00E9B192 /* Debug */,
				83CBBA211A601CBA00E9B192 /* Release */,
			);
			defaultConfigurationIsVisible = 0;
			defaultConfigurationName = Release;
		};
/* End XCConfigurationList section */
	};
	rootObject = 83CBB9F71A601CBA00E9B192 /* Project object */;
}
